{
  "version": 1,
  "dependencies": {
    ".NETFramework,Version=v4.6.2": {
      "BepInEx.Core": {
        "type": "Direct",
        "requested": "[5.4.21, )",
        "resolved": "5.4.21",
        "contentHash": "NMUPlbHTTfJ+qIQCI90uIvjuUQ4wnwt4cpRsK3ItBh1DhsWFzAHXNiZjBxZkPysljEKQ2iu89sxMTga4bxBXVQ==",
        "dependencies": {
          "BepInEx.BaseLib": "5.4.20",
          "HarmonyX": "2.7.0"
        }
      },
      "Digitalroot.Craftopia.Common.References": {
        "type": "Direct",
        "requested": "[20220714.1500.1, )",
        "resolved": "20220714.1500.1",
        "contentHash": "9ZiMJKefI8JhH8khnb1p8isbYWD982irfZvYM5yO9PSlBoXaW5wc4yhhC97GngRl/koDqOX7YHXTee7jnLOq9g=="
      },
      "Digitalroot.Valheim.Common.Log": {
        "type": "Direct",
        "requested": "[1.1.19, )",
        "resolved": "1.1.19",
        "contentHash": "s1yZbS+w0zgKAsfHzAWzHkBLJvtUGspgVuajqdvTaLe9wG6l772rj+WaL/0wTTkgRu0GcOq9jE+ozg7wTTZQzQ==",
        "dependencies": {
          "Digitalroot.Valheim.Common.Json": "1.0.15"
        }
      },
      "ErrorProne.NET.CoreAnalyzers": {
        "type": "Direct",
        "requested": "[0.1.2, )",
        "resolved": "0.1.2",
        "contentHash": "RQdzUtFVhwLwisP2Du7Ugm7ldwAzc+QJrlZWNIwHXcgq4b5fLwZgdN1203RdYiHS8OOALophC6yWekxu3UgN2g=="
      },
      "Fody": {
        "type": "Direct",
        "requested": "[6.6.3, )",
        "resolved": "6.6.3",
        "contentHash": "X1WKKgSNYVtLzdO8dK3YWmfmljA4L0soePcWNouq9X6WbVF4bmivuJdlhTZx/2L3ml6tMvhFe8skIbVQ24PAYA=="
      },
      "HarmonyX": {
        "type": "Direct",
        "requested": "[2.10.0, )",
        "resolved": "2.10.0",
        "contentHash": "4ayiy/dlCiW86K2N7Jvbf+VpI5wvP7dncv/6oRmfwRi32UCmCRzCGzsxdMfzJZkp6/26oBW+DrD8vi4UejzVAg==",
        "dependencies": {
          "MonoMod.RuntimeDetour": "22.3.23.4"
        }
      },
      "ILMerge.Fody": {
        "type": "Direct",
        "requested": "[1.23.0, )",
        "resolved": "1.23.0",
        "contentHash": "QhYB28t9N3+ygjIYX4OCv/+X1HzsECa8RItvB9R1jFD4nAEy5mTf9xyD/C654QNFZnWUivEh1quv5XX6s0y8yw=="
      },
      "UnityEngine.Modules": {
        "type": "Direct",
        "requested": "[2021.2.5, 2021.2.5]",
        "resolved": "2021.2.5",
        "contentHash": "S9CyvfQxHOwA1ziYLFDG9xceWqfRpCzw4bVlNZkuK6sT2DpQOgwMvATpXjmVfghUVhUH9GXD7eUqpdaD3XJMkw=="
      },
      "BepInEx.BaseLib": {
        "type": "Transitive",
        "resolved": "5.4.20",
        "contentHash": "0bXgYxbCEN2Ixp3kiFEhyw+RASeFQeg/ww+lbMt7if6XMeVS60eg6epNsMA8Jbx57dmNOzNevkKKw8mP8SUMqw=="
      },
      "Digitalroot.Valheim.Common.Json": {
        "type": "Transitive",
        "resolved": "1.0.15",
        "contentHash": "AHEPM0ApZBBf1H2TINqbNC7+iIzeYPJepxfYrmDwU20p5pwIC88w7Pm4k9A9UQPbnTeFX4qgtrzVKa3v145D1w==",
        "dependencies": {
          "UnityEngine.Modules": "[2019.4.31]",
          "fastJSON": "2.4.0.4"
        }
      },
      "fastJSON": {
        "type": "Transitive",
        "resolved": "2.4.0.4",
        "contentHash": "lbxY+miTOvCNbNfOk8HcbmBD9F6wv2dRKZlMjtJBm6rjA5vFKXBYtR6eoIe96HnCHOE1nCJbMsaZDKGNPg5mIA=="
      },
      "Mono.Cecil": {
        "type": "Transitive",
        "resolved": "0.11.4",
        "contentHash": "IC1h5g0NeJGHIUgzM1P82ld57knhP0IcQfrYITDPXlNpMYGUrsG5TxuaWTjaeqDNQMBDNZkB8L0rBnwsY6JHuQ=="
      },
      "MonoMod.RuntimeDetour": {
        "type": "Transitive",
        "resolved": "22.3.23.4",
        "contentHash": "2nwwFfwYDSgUzhi+1MutTg1gyUgXoMS4+E04vHOFp84Vxs0oBkkn4mGAfhkr272y0j3vqIBzo2aT9pXRlCd/ZA==",
        "dependencies": {
          "Mono.Cecil": "0.11.4",
          "MonoMod.Utils": "22.3.23.4"
        }
      },
      "MonoMod.Utils": {
        "type": "Transitive",
        "resolved": "22.3.23.4",
        "contentHash": "xso1rHFfcsPy3X1kj2uDk115z9tLTMxPEnba/zdNB6WazvrLRWGPuV9d4hHwr1iVz5quTFlZCbLBlE5fS2TqLA==",
        "dependencies": {
          "Mono.Cecil": "0.11.4"
        }
      }
    }
  }
}